
Microsoft Visual Studio Solution File, Format Version 12.00
# Visual Studio Version 16
VisualStudioVersion = 16.0.29102.190
MinimumVisualStudioVersion = 10.0.40219.1
Project("{FAE04EC0-301F-11D3-BF4B-00C04F79EFBC}") = "DataBaseWorkingWinForms", "DataBaseWorkingWinForms.csproj", "{9217D590-71B8-4363-82A9-9E1AE360C047}"
EndProject
Global
	GlobalSection(SolutionConfigurationPlatforms) = preSolution
		Debug|Any CPU = Debug|Any CPU
		Release|Any CPU = Release|Any CPU
	EndGlobalSection
	GlobalSection(ProjectConfigurationPlatforms) = postSolution
		{9217D590-71B8-4363-82A9-9E1AE360C047}.Debug|Any CPU.ActiveCfg = Debug|Any CPU
		{9217D590-71B8-4363-82A9-9E1AE360C047}.Debug|Any CPU.Build.0 = Debug|Any CPU
		{9217D590-71B8-4363-82A9-9E1AE360C047}.Release|Any CPU.ActiveCfg = Release|Any CPU
		{9217D590-71B8-4363-82A9-9E1AE360C047}.Release|Any CPU.Build.0 = Release|Any CPU
	EndGlobalSection
	GlobalSection(SolutionProperties) = preSolution
		HideSolutionNode = FALSE
	EndGlobalSection
	GlobalSection(ExtensibilityGlobals) = postSolution
		SolutionGuid = {2FD1A95E-299D-411B-AA98-1D0EBBFD6A34}
	EndGlobalSection
EndGlobal
